
Microsoft Visual Studio Solution File, Format Version 12.00
# Visual Studio Version 17
VisualStudioVersion = 17.7.34018.315
MinimumVisualStudioVersion = 10.0.40219.1
Project("{FAE04EC0-301F-11D3-BF4B-00C04F79EFBC}") = "Shop_api_spd115", "Shop_api_spd115\Shop_api_spd115.csproj", "{6DD34C68-1B55-4882-99D5-278CCC3F6DD4}"
EndProject
Project("{9A19103F-16F7-4668-BE54-9A1E7A4F7556}") = "DataAccess", "DataAccess\DataAccess.csproj", "{38178E8D-9268-4A9C-B6C4-DCB55901FF67}"
EndProject
Global
	GlobalSection(SolutionConfigurationPlatforms) = preSolution
		Debug|Any CPU = Debug|Any CPU
		Release|Any CPU = Release|Any CPU
	EndGlobalSection
	GlobalSection(ProjectConfigurationPlatforms) = postSolution
		{6DD34C68-1B55-4882-99D5-278CCC3F6DD4}.Debug|Any CPU.ActiveCfg = Debug|Any CPU
		{6DD34C68-1B55-4882-99D5-278CCC3F6DD4}.Debug|Any CPU.Build.0 = Debug|Any CPU
		{6DD34C68-1B55-4882-99D5-278CCC3F6DD4}.Release|Any CPU.ActiveCfg = Release|Any CPU
		{6DD34C68-1B55-4882-99D5-278CCC3F6DD4}.Release|Any CPU.Build.0 = Release|Any CPU
		{38178E8D-9268-4A9C-B6C4-DCB55901FF67}.Debug|Any CPU.ActiveCfg = Debug|Any CPU
		{38178E8D-9268-4A9C-B6C4-DCB55901FF67}.Debug|Any CPU.Build.0 = Debug|Any CPU
		{38178E8D-9268-4A9C-B6C4-DCB55901FF67}.Release|Any CPU.ActiveCfg = Release|Any CPU
		{38178E8D-9268-4A9C-B6C4-DCB55901FF67}.Release|Any CPU.Build.0 = Release|Any CPU
	EndGlobalSection
	GlobalSection(SolutionProperties) = preSolution
		HideSolutionNode = FALSE
	EndGlobalSection
	GlobalSection(ExtensibilityGlobals) = postSolution
		SolutionGuid = {12B75602-6DDD-4B25-B608-C21052333AAC}
	EndGlobalSection
EndGlobal
